
Microsoft Visual Studio Solution File, Format Version 12.00
# Visual Studio Version 17
VisualStudioVersion = 17.13.35818.85
MinimumVisualStudioVersion = 10.0.40219.1
Project("{FAE04EC0-301F-11D3-BF4B-00C04F79EFBC}") = "RandomUserAPI", "RandomUserAPI.csproj", "{7E47C38B-4029-41D3-9E81-BFC2BE9EA7F7}"
EndProject
Project("{FAE04EC0-301F-11D3-BF4B-00C04F79EFBC}") = "RandomUserAlperenApi", "..\RandomUserAlperenApi\RandomUserAlperenApi.csproj", "{9FA8ACAB-30CC-46CD-8BC4-8841C9367803}"
EndProject
Global
	GlobalSection(SolutionConfigurationPlatforms) = preSolution
		Debug|Any CPU = Debug|Any CPU
		Release|Any CPU = Release|Any CPU
	EndGlobalSection
	GlobalSection(ProjectConfigurationPlatforms) = postSolution
		{7E47C38B-4029-41D3-9E81-BFC2BE9EA7F7}.Debug|Any CPU.ActiveCfg = Debug|Any CPU
		{7E47C38B-4029-41D3-9E81-BFC2BE9EA7F7}.Debug|Any CPU.Build.0 = Debug|Any CPU
		{7E47C38B-4029-41D3-9E81-BFC2BE9EA7F7}.Release|Any CPU.ActiveCfg = Release|Any CPU
		{7E47C38B-4029-41D3-9E81-BFC2BE9EA7F7}.Release|Any CPU.Build.0 = Release|Any CPU
		{9FA8ACAB-30CC-46CD-8BC4-8841C9367803}.Debug|Any CPU.ActiveCfg = Debug|Any CPU
		{9FA8ACAB-30CC-46CD-8BC4-8841C9367803}.Debug|Any CPU.Build.0 = Debug|Any CPU
		{9FA8ACAB-30CC-46CD-8BC4-8841C9367803}.Release|Any CPU.ActiveCfg = Release|Any CPU
		{9FA8ACAB-30CC-46CD-8BC4-8841C9367803}.Release|Any CPU.Build.0 = Release|Any CPU
	EndGlobalSection
	GlobalSection(SolutionProperties) = preSolution
		HideSolutionNode = FALSE
	EndGlobalSection
	GlobalSection(ExtensibilityGlobals) = postSolution
		SolutionGuid = {28E239EC-5ABD-458F-9683-67114470DB74}
	EndGlobalSection
EndGlobal
